
Microsoft Visual Studio Solution File, Format Version 12.00
# Visual Studio Version 17
VisualStudioVersion = 17.5.33516.290
MinimumVisualStudioVersion = 10.0.40219.1
Project("{FAE04EC0-301F-11D3-BF4B-00C04F79EFBC}") = "Lista2_Szymon_Olszok", "Lista2__Szymon_Olszol\Lista2_Szymon_Olszok.csproj", "{E58A6020-BF54-4D0E-B641-96BC2A734C37}"
EndProject
Project("{FAE04EC0-301F-11D3-BF4B-00C04F79EFBC}") = "zad1_Szymon_Olszok", "zad1_Szymon_Olszok\zad1_Szymon_Olszok.csproj", "{D03F3E35-C26D-4FE9-82A6-E1500E9DE055}"
EndProject
Project("{FAE04EC0-301F-11D3-BF4B-00C04F79EFBC}") = "zad2_Szymon_Olszok", "zad2_Szymon_Olszok\zad2_Szymon_Olszok.csproj", "{07743E21-017B-428A-90B5-94FBF2354464}"
EndProject
Global
	GlobalSection(SolutionConfigurationPlatforms) = preSolution
		Debug|Any CPU = Debug|Any CPU
		Release|Any CPU = Release|Any CPU
	EndGlobalSection
	GlobalSection(ProjectConfigurationPlatforms) = postSolution
		{E58A6020-BF54-4D0E-B641-96BC2A734C37}.Debug|Any CPU.ActiveCfg = Debug|Any CPU
		{E58A6020-BF54-4D0E-B641-96BC2A734C37}.Debug|Any CPU.Build.0 = Debug|Any CPU
		{E58A6020-BF54-4D0E-B641-96BC2A734C37}.Release|Any CPU.ActiveCfg = Release|Any CPU
		{E58A6020-BF54-4D0E-B641-96BC2A734C37}.Release|Any CPU.Build.0 = Release|Any CPU
		{D03F3E35-C26D-4FE9-82A6-E1500E9DE055}.Debug|Any CPU.ActiveCfg = Debug|Any CPU
		{D03F3E35-C26D-4FE9-82A6-E1500E9DE055}.Debug|Any CPU.Build.0 = Debug|Any CPU
		{D03F3E35-C26D-4FE9-82A6-E1500E9DE055}.Release|Any CPU.ActiveCfg = Release|Any CPU
		{D03F3E35-C26D-4FE9-82A6-E1500E9DE055}.Release|Any CPU.Build.0 = Release|Any CPU
		{07743E21-017B-428A-90B5-94FBF2354464}.Debug|Any CPU.ActiveCfg = Debug|Any CPU
		{07743E21-017B-428A-90B5-94FBF2354464}.Debug|Any CPU.Build.0 = Debug|Any CPU
		{07743E21-017B-428A-90B5-94FBF2354464}.Release|Any CPU.ActiveCfg = Release|Any CPU
		{07743E21-017B-428A-90B5-94FBF2354464}.Release|Any CPU.Build.0 = Release|Any CPU
	EndGlobalSection
	GlobalSection(SolutionProperties) = preSolution
		HideSolutionNode = FALSE
	EndGlobalSection
	GlobalSection(ExtensibilityGlobals) = postSolution
		SolutionGuid = {34B64787-20A2-4CE1-B3A6-76F148D4D8C8}
	EndGlobalSection
EndGlobal
